// !$*UTF8*$!
{
	archiveVersion = 1;
	classes = {
	};
	objectVersion = 46;
	objects = {

/* Begin PBXBuildFile section */
		9B1250E017E9477E00DC41B9 /* UIKit.framework in Frameworks */ = {isa = PBXBuildFile; fileRef = 9B1250DF17E9477E00DC41B9 /* UIKit.framework */; };
		9B1250E217E9477E00DC41B9 /* Foundation.framework in Frameworks */ = {isa = PBXBuildFile; fileRef = 9B1250E117E9477E00DC41B9 /* Foundation.framework */; };
		9B1250E417E9477E00DC41B9 /* CoreGraphics.framework in Frameworks */ = {isa = PBXBuildFile; fileRef = 9B1250E317E9477E00DC41B9 /* CoreGraphics.framework */; };
		9B1250EA17E9477E00DC41B9 /* InfoPlist.strings in Resources */ = {isa = PBXBuildFile; fileRef = 9B1250E817E9477E00DC41B9 /* InfoPlist.strings */; };
		9B1250EC17E9477E00DC41B9 /* main.m in Sources */ = {isa = PBXBuildFile; fileRef = 9B1250EB17E9477E00DC41B9 /* main.m */; };
		9B1250F017E9477E00DC41B9 /* AppDelegate.m in Sources */ = {isa = PBXBuildFile; fileRef = 9B1250EF17E9477E00DC41B9 /* AppDelegate.m */; };
		9B1250F217E9477E00DC41B9 /* Default.png in Resources */ = {isa = PBXBuildFile; fileRef = 9B1250F117E9477E00DC41B9 /* Default.png */; };
		9B1250F417E9477E00DC41B9 /* Default@2x.png in Resources */ = {isa = PBXBuildFile; fileRef = 9B1250F317E9477E00DC41B9 /* Default@2x.png */; };
		9B1250F617E9477E00DC41B9 /* Default-568h@2x.png in Resources */ = {isa = PBXBuildFile; fileRef = 9B1250F517E9477E00DC41B9 /* Default-568h@2x.png */; };
/* End PBXBuildFile section */

/* Begin PBXFileReference section */
		9B1250DC17E9477E00DC41B9 /* tipcalculator.app */ = {isa = PBXFileReference; explicitFileType = wrapper.application; includeInIndex = 0; path = tipcalculator.app; sourceTree = BUILT_PRODUCTS_DIR; };
		9B1250DF17E9477E00DC41B9 /* UIKit.framework */ = {isa = PBXFileReference; lastKnownFileType = wrapper.framework; name = UIKit.framework; path = System/Library/Frameworks/UIKit.framework; sourceTree = SDKROOT; };
		9B1250E117E9477E00DC41B9 /* Foundation.framework */ = {isa = PBXFileReference; lastKnownFileType = wrapper.framework; name = Foundation.framework; path = System/Library/Frameworks/Foundation.framework; sourceTree = SDKROOT; };
		9B1250E317E9477E00DC41B9 /* CoreGraphics.framework */ = {isa = PBXFileReference; lastKnownFileType = wrapper.framework; name = CoreGraphics.framework; path = System/Library/Frameworks/CoreGraphics.framework; sourceTree = SDKROOT; };
		9B1250E717E9477E00DC41B9 /* tipcalculator-Info.plist */ = {isa = PBXFileReference; lastKnownFileType = text.plist.xml; path = "tipcalculator-Info.plist"; sourceTree = "<group>"; };
		9B1250E917E9477E00DC41B9 /* en */ = {isa = PBXFileReference; lastKnownFileType = text.plist.strings; name = en; path = en.lproj/InfoPlist.strings; sourceTree = "<group>"; };
		9B1250EB17E9477E00DC41B9 /* main.m */ = {isa = PBXFileReference; lastKnownFileType = sourcecode.c.objc; path = main.m; sourceTree = "<group>"; };
		9B1250ED17E9477E00DC41B9 /* tipcalculator-Prefix.pch */ = {isa = PBXFileReference; lastKnownFileType = sourcecode.c.h; path = "tipcalculator-Prefix.pch"; sourceTree = "<group>"; };
		9B1250EE17E9477E00DC41B9 /* AppDelegate.h */ = {isa = PBXFileReference; lastKnownFileType = sourcecode.c.h; path = AppDelegate.h; sourceTree = "<group>"; };
		9B1250EF17E9477E00DC41B9 /* AppDelegate.m */ = {isa = PBXFileReference; lastKnownFileType = sourcecode.c.objc; path = AppDelegate.m; sourceTree = "<group>"; };
		9B1250F117E9477E00DC41B9 /* Default.png */ = {isa = PBXFileReference; lastKnownFileType = image.png; path = Default.png; sourceTree = "<group>"; };
		9B1250F317E9477E00DC41B9 /* Default@2x.png */ = {isa = PBXFileReference; lastKnownFileType = image.png; path = "Default@2x.png"; sourceTree = "<group>"; };
		9B1250F517E9477E00DC41B9 /* Default-568h@2x.png */ = {isa = PBXFileReference; lastKnownFileType = image.png; path = "Default-568h@2x.png"; sourceTree = "<group>"; };
/* End PBXFileReference section */

/* Begin PBXFrameworksBuildPhase section */
		9B1250D917E9477E00DC41B9 /* Frameworks */ = {
			isa = PBXFrameworksBuildPhase;
			buildActionMask = 2147483647;
			files = (
				9B1250E017E9477E00DC41B9 /* UIKit.framework in Frameworks */,
				9B1250E217E9477E00DC41B9 /* Foundation.framework in Frameworks */,
				9B1250E417E9477E00DC41B9 /* CoreGraphics.framework in Frameworks */,
			);
			runOnlyForDeploymentPostprocessing = 0;
		};
/* End PBXFrameworksBuildPhase section */

/* Begin PBXGroup section */
		9B1250D317E9477E00DC41B9 = {
			isa = PBXGroup;
			children = (
				9B1250E517E9477E00DC41B9 /* tipcalculator */,
				9B1250DE17E9477E00DC41B9 /* Frameworks */,
				9B1250DD17E9477E00DC41B9 /* Products */,
			);
			sourceTree = "<group>";
		};
		9B1250DD17E9477E00DC41B9 /* Products */ = {
			isa = PBXGroup;
			children = (
				9B1250DC17E9477E00DC41B9 /* tipcalculator.app */,
			);
			name = Products;
			sourceTree = "<group>";
		};
		9B1250DE17E9477E00DC41B9 /* Frameworks */ = {
			isa = PBXGroup;
			children = (
				9B1250DF17E9477E00DC41B9 /* UIKit.framework */,
				9B1250E117E9477E00DC41B9 /* Foundation.framework */,
				9B1250E317E9477E00DC41B9 /* CoreGraphics.framework */,
			);
			name = Frameworks;
			sourceTree = "<group>";
		};
		9B1250E517E9477E00DC41B9 /* tipcalculator */ = {
			isa = PBXGroup;
			children = (
				9B1250EE17E9477E00DC41B9 /* AppDelegate.h */,
				9B1250EF17E9477E00DC41B9 /* AppDelegate.m */,
				9B1250E617E9477E00DC41B9 /* Supporting Files */,
			);
			path = tipcalculator;
			sourceTree = "<group>";
		};
		9B1250E617E9477E00DC41B9 /* Supporting Files */ = {
			isa = PBXGroup;
			children = (
				9B1250E717E9477E00DC41B9 /* tipcalculator-Info.plist */,
				9B1250E817E9477E00DC41B9 /* InfoPlist.strings */,
				9B1250EB17E9477E00DC41B9 /* main.m */,
				9B1250ED17E9477E00DC41B9 /* tipcalculator-Prefix.pch */,
				9B1250F117E9477E00DC41B9 /* Default.png */,
				9B1250F317E9477E00DC41B9 /* Default@2x.png */,
				9B1250F517E9477E00DC41B9 /* Default-568h@2x.png */,
			);
			name = "Supporting Files";
			sourceTree = "<group>";
		};
/* End PBXGroup section */

/* Begin PBXNativeTarget section */
		9B1250DB17E9477E00DC41B9 /* tipcalculator */ = {
			isa = PBXNativeTarget;
			buildConfigurationList = 9B1250F917E9477E00DC41B9 /* Build configuration list for PBXNativeTarget "tipcalculator" */;
			buildPhases = (
				9B1250D817E9477E00DC41B9 /* Sources */,
				9B1250D917E9477E00DC41B9 /* Frameworks */,
				9B1250DA17E9477E00DC41B9 /* Resources */,
			);
			buildRules = (
			);
			dependencies = (
			);
			name = tipcalculator;
			productName = tipcalculator;
			productReference = 9B1250DC17E9477E00DC41B9 /* tipcalculator.app */;
			productType = "com.apple.product-type.application";
		};
/* End PBXNativeTarget section */

/* Begin PBXProject section */
		9B1250D417E9477E00DC41B9 /* Project object */ = {
			isa = PBXProject;
			attributes = {
				LastUpgradeCheck = 0460;
				ORGANIZATIONNAME = "Pamela Ocampo";
			};
			buildConfigurationList = 9B1250D717E9477E00DC41B9 /* Build configuration list for PBXProject "tipcalculator" */;
			compatibilityVersion = "Xcode 3.2";
			developmentRegion = English;
			hasScannedForEncodings = 0;
			knownRegions = (
				en,
			);
			mainGroup = 9B1250D317E9477E00DC41B9;
			productRefGroup = 9B1250DD17E9477E00DC41B9 /* Products */;
			projectDirPath = "";
			projectRoot = "";
			targets = (
				9B1250DB17E9477E00DC41B9 /* tipcalculator */,
			);
		};
/* End PBXProject section */

/* Begin PBXResourcesBuildPhase section */
		9B1250DA17E9477E00DC41B9 /* Resources */ = {
			isa = PBXResourcesBuildPhase;
			buildActionMask = 2147483647;
			files = (
				9B1250EA17E9477E00DC41B9 /* InfoPlist.strings in Resources */,
				9B1250F217E9477E00DC41B9 /* Default.png in Resources */,
				9B1250F417E9477E00DC41B9 /* Default@2x.png in Resources */,
				9B1250F617E9477E00DC41B9 /* Default-568h@2x.png in Resources */,
			);
			runOnlyForDeploymentPostprocessing = 0;
		};
/* End PBXResourcesBuildPhase section */

/* Begin PBXSourcesBuildPhase section */
		9B1250D817E9477E00DC41B9 /* Sources */ = {
			isa = PBXSourcesBuildPhase;
			buildActionMask = 2147483647;
			files = (
				9B1250EC17E9477E00DC41B9 /* main.m in Sources */,
				9B1250F017E9477E00DC41B9 /* AppDelegate.m in Sources */,
			);
			runOnlyForDeploymentPostprocessing = 0;
		};
/* End PBXSourcesBuildPhase section */

/* Begin PBXVariantGroup section */
		9B1250E817E9477E00DC41B9 /* InfoPlist.strings */ = {
			isa = PBXVariantGroup;
			children = (
				9B1250E917E9477E00DC41B9 /* en */,
			);
			name = InfoPlist.strings;
			sourceTree = "<group>";
		};
/* End PBXVariantGroup section */

/* Begin XCBuildConfiguration section */
		9B1250F717E9477E00DC41B9 /* Debug */ = {
			isa = XCBuildConfiguration;
			buildSettings = {
				ALWAYS_SEARCH_USER_PATHS = NO;
				CLANG_CXX_LANGUAGE_STANDARD = "gnu++0x";
				CLANG_CXX_LIBRARY = "libc++";
				CLANG_ENABLE_OBJC_ARC = YES;
				CLANG_WARN_CONSTANT_CONVERSION = YES;
				CLANG_WARN_EMPTY_BODY = YES;
				CLANG_WARN_ENUM_CONVERSION = YES;
				CLANG_WARN_INT_CONVERSION = YES;
				CLANG_WARN__DUPLICATE_METHOD_MATCH = YES;
				"CODE_SIGN_IDENTITY[sdk=iphoneos*]" = "iPhone Developer";
				COPY_PHASE_STRIP = NO;
				GCC_C_LANGUAGE_STANDARD = gnu99;
				GCC_DYNAMIC_NO_PIC = NO;
				GCC_OPTIMIZATION_LEVEL = 0;
				GCC_PREPROCESSOR_DEFINITIONS = (
					"DEBUG=1",
					"$(inherited)",
				);
				GCC_SYMBOLS_PRIVATE_EXTERN = NO;
				GCC_WARN_ABOUT_RETURN_TYPE = YES;
				GCC_WARN_UNINITIALIZED_AUTOS = YES;
				GCC_WARN_UNUSED_VARIABLE = YES;
				IPHONEOS_DEPLOYMENT_TARGET = 6.1;
				ONLY_ACTIVE_ARCH = YES;
				SDKROOT = iphoneos;
			};
			name = Debug;
		};
		9B1250F817E9477E00DC41B9 /* Release */ = {
			isa = XCBuildConfiguration;
			buildSettings = {
				ALWAYS_SEARCH_USER_PATHS = NO;
				CLANG_CXX_LANGUAGE_STANDARD = "gnu++0x";
				CLANG_CXX_LIBRARY = "libc++";
				CLANG_ENABLE_OBJC_ARC = YES;
				CLANG_WARN_CONSTANT_CONVERSION = YES;
				CLANG_WARN_EMPTY_BODY = YES;
				CLANG_WARN_ENUM_CONVERSION = YES;
				CLANG_WARN_INT_CONVERSION = YES;
				CLANG_WARN__DUPLICATE_METHOD_MATCH = YES;
				"CODE_SIGN_IDENTITY[sdk=iphoneos*]" = "iPhone Developer";
				COPY_PHASE_STRIP = YES;
				GCC_C_LANGUAGE_STANDARD = gnu99;
				GCC_WARN_ABOUT_RETURN_TYPE = YES;
				GCC_WARN_UNINITIALIZED_AUTOS = YES;
				GCC_WARN_UNUSED_VARIABLE = YES;
				IPHONEOS_DEPLOYMENT_TARGET = 6.1;
				OTHER_CFLAGS = "-DNS_BLOCK_ASSERTIONS=1";
				SDKROOT = iphoneos;
				VALIDATE_PRODUCT = YES;
			};
			name = Release;
		};
		9B1250FA17E9477E00DC41B9 /* Debug */ = {
			isa = XCBuildConfiguration;
			buildSettings = {
				GCC_PRECOMPILE_PREFIX_HEADER = YES;
				GCC_PREFIX_HEADER = "tipcalculator/tipcalculator-Prefix.pch";
				INFOPLIST_FILE = "tipcalculator/tipcalculator-Info.plist";
				PRODUCT_NAME = "$(TARGET_NAME)";
				WRAPPER_EXTENSION = app;
			};
			name = Debug;
		};
		9B1250FB17E9477E00DC41B9 /* Release */ = {
			isa = XCBuildConfiguration;
			buildSettings = {
				GCC_PRECOMPILE_PREFIX_HEADER = YES;
				GCC_PREFIX_HEADER = "tipcalculator/tipcalculator-Prefix.pch";
				INFOPLIST_FILE = "tipcalculator/tipcalculator-Info.plist";
				PRODUCT_NAME = "$(TARGET_NAME)";
				WRAPPER_EXTENSION = app;
			};
			name = Release;
		};
/* End XCBuildConfiguration section */

/* Begin XCConfigurationList section */
		9B1250D717E9477E00DC41B9 /* Build configuration list for PBXProject "tipcalculator" */ = {
			isa = XCConfigurationList;
			buildConfigurations = (
				9B1250F717E9477E00DC41B9 /* Debug */,
				9B1250F817E9477E00DC41B9 /* Release */,
			);
			defaultConfigurationIsVisible = 0;
			defaultConfigurationName = Release;
		};
		9B1250F917E9477E00DC41B9 /* Build configuration list for PBXNativeTarget "tipcalculator" */ = {
			isa = XCConfigurationList;
			buildConfigurations = (
				9B1250FA17E9477E00DC41B9 /* Debug */,
				9B1250FB17E9477E00DC41B9 /* Release */,
			);
			defaultConfigurationIsVisible = 0;
		};
/* End XCConfigurationList section */
	};
	rootObject = 9B1250D417E9477E00DC41B9 /* Project object */;
}
